
Microsoft Visual Studio Solution File, Format Version 12.00
# Visual Studio Version 16
VisualStudioVersion = 16.0.29102.190
MinimumVisualStudioVersion = 15.0.26124.0
Project("{2150E333-8FDC-42A3-9474-1A3956D46DE8}") = "src", "src", "{85A3DA5D-7F40-4E9B-80EE-BCE33F13F6C0}"
EndProject
Project("{9A19103F-16F7-4668-BE54-9A1E7A4F7556}") = "Qtfy.QMath", "src\Qtfy.QMath\Qtfy.QMath.csproj", "{2ACC334F-D581-4E32-9D35-126F96C53642}"
EndProject
Project("{2150E333-8FDC-42A3-9474-1A3956D46DE8}") = "tests", "tests", "{51E29B45-B28F-43A2-9079-9D30296A4762}"
EndProject
Project("{9A19103F-16F7-4668-BE54-9A1E7A4F7556}") = "Qtfy.QMath.Tests", "tests\Qtfy.QMath.Tests\Qtfy.QMath.Tests.csproj", "{B48DD248-C3C5-4A39-B453-47B9A19B0070}"
EndProject
Global
	GlobalSection(SolutionConfigurationPlatforms) = preSolution
		Debug|Any CPU = Debug|Any CPU
		Debug|x64 = Debug|x64
		Debug|x86 = Debug|x86
		Release|Any CPU = Release|Any CPU
		Release|x64 = Release|x64
		Release|x86 = Release|x86
	EndGlobalSection
	GlobalSection(ProjectConfigurationPlatforms) = postSolution
		{2ACC334F-D581-4E32-9D35-126F96C53642}.Debug|Any CPU.ActiveCfg = Debug|Any CPU
		{2ACC334F-D581-4E32-9D35-126F96C53642}.Debug|Any CPU.Build.0 = Debug|Any CPU
		{2ACC334F-D581-4E32-9D35-126F96C53642}.Debug|x64.ActiveCfg = Debug|Any CPU
		{2ACC334F-D581-4E32-9D35-126F96C53642}.Debug|x64.Build.0 = Debug|Any CPU
		{2ACC334F-D581-4E32-9D35-126F96C53642}.Debug|x86.ActiveCfg = Debug|Any CPU
		{2ACC334F-D581-4E32-9D35-126F96C53642}.Debug|x86.Build.0 = Debug|Any CPU
		{2ACC334F-D581-4E32-9D35-126F96C53642}.Release|Any CPU.ActiveCfg = Release|Any CPU
		{2ACC334F-D581-4E32-9D35-126F96C53642}.Release|Any CPU.Build.0 = Release|Any CPU
		{2ACC334F-D581-4E32-9D35-126F96C53642}.Release|x64.ActiveCfg = Release|Any CPU
		{2ACC334F-D581-4E32-9D35-126F96C53642}.Release|x64.Build.0 = Release|Any CPU
		{2ACC334F-D581-4E32-9D35-126F96C53642}.Release|x86.ActiveCfg = Release|Any CPU
		{2ACC334F-D581-4E32-9D35-126F96C53642}.Release|x86.Build.0 = Release|Any CPU
		{B48DD248-C3C5-4A39-B453-47B9A19B0070}.Debug|Any CPU.ActiveCfg = Debug|Any CPU
		{B48DD248-C3C5-4A39-B453-47B9A19B0070}.Debug|Any CPU.Build.0 = Debug|Any CPU
		{B48DD248-C3C5-4A39-B453-47B9A19B0070}.Debug|x64.ActiveCfg = Debug|Any CPU
		{B48DD248-C3C5-4A39-B453-47B9A19B0070}.Debug|x64.Build.0 = Debug|Any CPU
		{B48DD248-C3C5-4A39-B453-47B9A19B0070}.Debug|x86.ActiveCfg = Debug|Any CPU
		{B48DD248-C3C5-4A39-B453-47B9A19B0070}.Debug|x86.Build.0 = Debug|Any CPU
		{B48DD248-C3C5-4A39-B453-47B9A19B0070}.Release|Any CPU.ActiveCfg = Release|Any CPU
		{B48DD248-C3C5-4A39-B453-47B9A19B0070}.Release|Any CPU.Build.0 = Release|Any CPU
		{B48DD248-C3C5-4A39-B453-47B9A19B0070}.Release|x64.ActiveCfg = Release|Any CPU
		{B48DD248-C3C5-4A39-B453-47B9A19B0070}.Release|x64.Build.0 = Release|Any CPU
		{B48DD248-C3C5-4A39-B453-47B9A19B0070}.Release|x86.ActiveCfg = Release|Any CPU
		{B48DD248-C3C5-4A39-B453-47B9A19B0070}.Release|x86.Build.0 = Release|Any CPU
	EndGlobalSection
	GlobalSection(SolutionProperties) = preSolution
		HideSolutionNode = FALSE
	EndGlobalSection
	GlobalSection(NestedProjects) = preSolution
		{2ACC334F-D581-4E32-9D35-126F96C53642} = {85A3DA5D-7F40-4E9B-80EE-BCE33F13F6C0}
		{B48DD248-C3C5-4A39-B453-47B9A19B0070} = {51E29B45-B28F-43A2-9079-9D30296A4762}
	EndGlobalSection
	GlobalSection(ExtensibilityGlobals) = postSolution
		SolutionGuid = {17D0CBB8-788C-417A-8FC5-C1F8AC8CB661}
	EndGlobalSection
EndGlobal
