
Microsoft Visual Studio Solution File, Format Version 12.00
# Visual Studio 15
VisualStudioVersion = 15.0.26124.0
MinimumVisualStudioVersion = 15.0.26124.0
Project("{2150E333-8FDC-42A3-9474-1A3956D46DE8}") = "src", "src", "{DFC3244D-E91A-4905-A709-DD99F695A3DD}"
EndProject
Project("{FAE04EC0-301F-11D3-BF4B-00C04F79EFBC}") = "Qtfy.Net.Numerics", "src\Qtfy.Net.Numerics\Qtfy.Net.Numerics.csproj", "{4B814DD9-CF0E-4C1E-9E9F-F0E79AEA0F46}"
EndProject
Project("{2150E333-8FDC-42A3-9474-1A3956D46DE8}") = "test", "test", "{00A8764E-7C26-44E2-A528-73145FED73CA}"
EndProject
Project("{FAE04EC0-301F-11D3-BF4B-00C04F79EFBC}") = "Qtfy.Net.Numerics.Tests", "test\Qtfy.Net.Numerics.Tests\Qtfy.Net.Numerics.Tests.csproj", "{63C548B4-0B0B-4F80-9C17-0FD93844B85A}"
EndProject
Global
	GlobalSection(SolutionConfigurationPlatforms) = preSolution
		Debug|Any CPU = Debug|Any CPU
		Debug|x64 = Debug|x64
		Debug|x86 = Debug|x86
		Release|Any CPU = Release|Any CPU
		Release|x64 = Release|x64
		Release|x86 = Release|x86
	EndGlobalSection
	GlobalSection(SolutionProperties) = preSolution
		HideSolutionNode = FALSE
	EndGlobalSection
	GlobalSection(ProjectConfigurationPlatforms) = postSolution
		{4B814DD9-CF0E-4C1E-9E9F-F0E79AEA0F46}.Debug|Any CPU.ActiveCfg = Debug|Any CPU
		{4B814DD9-CF0E-4C1E-9E9F-F0E79AEA0F46}.Debug|Any CPU.Build.0 = Debug|Any CPU
		{4B814DD9-CF0E-4C1E-9E9F-F0E79AEA0F46}.Debug|x64.ActiveCfg = Debug|Any CPU
		{4B814DD9-CF0E-4C1E-9E9F-F0E79AEA0F46}.Debug|x64.Build.0 = Debug|Any CPU
		{4B814DD9-CF0E-4C1E-9E9F-F0E79AEA0F46}.Debug|x86.ActiveCfg = Debug|Any CPU
		{4B814DD9-CF0E-4C1E-9E9F-F0E79AEA0F46}.Debug|x86.Build.0 = Debug|Any CPU
		{4B814DD9-CF0E-4C1E-9E9F-F0E79AEA0F46}.Release|Any CPU.ActiveCfg = Release|Any CPU
		{4B814DD9-CF0E-4C1E-9E9F-F0E79AEA0F46}.Release|Any CPU.Build.0 = Release|Any CPU
		{4B814DD9-CF0E-4C1E-9E9F-F0E79AEA0F46}.Release|x64.ActiveCfg = Release|Any CPU
		{4B814DD9-CF0E-4C1E-9E9F-F0E79AEA0F46}.Release|x64.Build.0 = Release|Any CPU
		{4B814DD9-CF0E-4C1E-9E9F-F0E79AEA0F46}.Release|x86.ActiveCfg = Release|Any CPU
		{4B814DD9-CF0E-4C1E-9E9F-F0E79AEA0F46}.Release|x86.Build.0 = Release|Any CPU
		{63C548B4-0B0B-4F80-9C17-0FD93844B85A}.Debug|Any CPU.ActiveCfg = Debug|Any CPU
		{63C548B4-0B0B-4F80-9C17-0FD93844B85A}.Debug|Any CPU.Build.0 = Debug|Any CPU
		{63C548B4-0B0B-4F80-9C17-0FD93844B85A}.Debug|x64.ActiveCfg = Debug|Any CPU
		{63C548B4-0B0B-4F80-9C17-0FD93844B85A}.Debug|x64.Build.0 = Debug|Any CPU
		{63C548B4-0B0B-4F80-9C17-0FD93844B85A}.Debug|x86.ActiveCfg = Debug|Any CPU
		{63C548B4-0B0B-4F80-9C17-0FD93844B85A}.Debug|x86.Build.0 = Debug|Any CPU
		{63C548B4-0B0B-4F80-9C17-0FD93844B85A}.Release|Any CPU.ActiveCfg = Release|Any CPU
		{63C548B4-0B0B-4F80-9C17-0FD93844B85A}.Release|Any CPU.Build.0 = Release|Any CPU
		{63C548B4-0B0B-4F80-9C17-0FD93844B85A}.Release|x64.ActiveCfg = Release|Any CPU
		{63C548B4-0B0B-4F80-9C17-0FD93844B85A}.Release|x64.Build.0 = Release|Any CPU
		{63C548B4-0B0B-4F80-9C17-0FD93844B85A}.Release|x86.ActiveCfg = Release|Any CPU
		{63C548B4-0B0B-4F80-9C17-0FD93844B85A}.Release|x86.Build.0 = Release|Any CPU
	EndGlobalSection
	GlobalSection(NestedProjects) = preSolution
		{4B814DD9-CF0E-4C1E-9E9F-F0E79AEA0F46} = {DFC3244D-E91A-4905-A709-DD99F695A3DD}
		{63C548B4-0B0B-4F80-9C17-0FD93844B85A} = {00A8764E-7C26-44E2-A528-73145FED73CA}
	EndGlobalSection
EndGlobal
