
Microsoft Visual Studio Solution File, Format Version 12.00
# Visual Studio 15
VisualStudioVersion = 15.0.26124.0
MinimumVisualStudioVersion = 15.0.26124.0
Project("{2150E333-8FDC-42A3-9474-1A3956D46DE8}") = "src", "src", "{99E12E47-6C45-4765-9E87-075FDF0888C9}"
EndProject
Project("{FAE04EC0-301F-11D3-BF4B-00C04F79EFBC}") = "Qtfy.Net", "src\Qtfy.Net\Qtfy.Net.csproj", "{380C5D63-AFB3-4B91-B4E7-D4891D8CE31D}"
EndProject
Project("{2150E333-8FDC-42A3-9474-1A3956D46DE8}") = "test", "test", "{32882B90-A062-44FC-8CC6-7C043F48FCB5}"
EndProject
Project("{FAE04EC0-301F-11D3-BF4B-00C04F79EFBC}") = "Qtfy.Net.Numerics.Tests", "test\Qtfy.Net.Numerics.Tests\Qtfy.Net.Numerics.Tests.csproj", "{FFC57036-2CF4-4780-A495-483E7A882D6A}"
EndProject
Global
	GlobalSection(SolutionConfigurationPlatforms) = preSolution
		Debug|Any CPU = Debug|Any CPU
		Debug|x64 = Debug|x64
		Debug|x86 = Debug|x86
		Release|Any CPU = Release|Any CPU
		Release|x64 = Release|x64
		Release|x86 = Release|x86
	EndGlobalSection
	GlobalSection(SolutionProperties) = preSolution
		HideSolutionNode = FALSE
	EndGlobalSection
	GlobalSection(ProjectConfigurationPlatforms) = postSolution
		{380C5D63-AFB3-4B91-B4E7-D4891D8CE31D}.Debug|Any CPU.ActiveCfg = Debug|Any CPU
		{380C5D63-AFB3-4B91-B4E7-D4891D8CE31D}.Debug|Any CPU.Build.0 = Debug|Any CPU
		{380C5D63-AFB3-4B91-B4E7-D4891D8CE31D}.Debug|x64.ActiveCfg = Debug|Any CPU
		{380C5D63-AFB3-4B91-B4E7-D4891D8CE31D}.Debug|x64.Build.0 = Debug|Any CPU
		{380C5D63-AFB3-4B91-B4E7-D4891D8CE31D}.Debug|x86.ActiveCfg = Debug|Any CPU
		{380C5D63-AFB3-4B91-B4E7-D4891D8CE31D}.Debug|x86.Build.0 = Debug|Any CPU
		{380C5D63-AFB3-4B91-B4E7-D4891D8CE31D}.Release|Any CPU.ActiveCfg = Release|Any CPU
		{380C5D63-AFB3-4B91-B4E7-D4891D8CE31D}.Release|Any CPU.Build.0 = Release|Any CPU
		{380C5D63-AFB3-4B91-B4E7-D4891D8CE31D}.Release|x64.ActiveCfg = Release|Any CPU
		{380C5D63-AFB3-4B91-B4E7-D4891D8CE31D}.Release|x64.Build.0 = Release|Any CPU
		{380C5D63-AFB3-4B91-B4E7-D4891D8CE31D}.Release|x86.ActiveCfg = Release|Any CPU
		{380C5D63-AFB3-4B91-B4E7-D4891D8CE31D}.Release|x86.Build.0 = Release|Any CPU
		{FFC57036-2CF4-4780-A495-483E7A882D6A}.Debug|Any CPU.ActiveCfg = Debug|Any CPU
		{FFC57036-2CF4-4780-A495-483E7A882D6A}.Debug|Any CPU.Build.0 = Debug|Any CPU
		{FFC57036-2CF4-4780-A495-483E7A882D6A}.Debug|x64.ActiveCfg = Debug|Any CPU
		{FFC57036-2CF4-4780-A495-483E7A882D6A}.Debug|x64.Build.0 = Debug|Any CPU
		{FFC57036-2CF4-4780-A495-483E7A882D6A}.Debug|x86.ActiveCfg = Debug|Any CPU
		{FFC57036-2CF4-4780-A495-483E7A882D6A}.Debug|x86.Build.0 = Debug|Any CPU
		{FFC57036-2CF4-4780-A495-483E7A882D6A}.Release|Any CPU.ActiveCfg = Release|Any CPU
		{FFC57036-2CF4-4780-A495-483E7A882D6A}.Release|Any CPU.Build.0 = Release|Any CPU
		{FFC57036-2CF4-4780-A495-483E7A882D6A}.Release|x64.ActiveCfg = Release|Any CPU
		{FFC57036-2CF4-4780-A495-483E7A882D6A}.Release|x64.Build.0 = Release|Any CPU
		{FFC57036-2CF4-4780-A495-483E7A882D6A}.Release|x86.ActiveCfg = Release|Any CPU
		{FFC57036-2CF4-4780-A495-483E7A882D6A}.Release|x86.Build.0 = Release|Any CPU
	EndGlobalSection
	GlobalSection(NestedProjects) = preSolution
		{380C5D63-AFB3-4B91-B4E7-D4891D8CE31D} = {99E12E47-6C45-4765-9E87-075FDF0888C9}
		{FFC57036-2CF4-4780-A495-483E7A882D6A} = {32882B90-A062-44FC-8CC6-7C043F48FCB5}
	EndGlobalSection
EndGlobal
